
Microsoft Visual Studio Solution File, Format Version 12.00
# Visual Studio Version 16
VisualStudioVersion = 16.0.29509.3
MinimumVisualStudioVersion = 10.0.40219.1
Project("{8BC9CEB8-8B4A-11D0-8D11-00A0C91BC942}") = "easyx test", "easyx test\easyx test.vcxproj", "{744F1A64-859B-43C1-A695-A31750C0B850}"
EndProject
Global
	GlobalSection(SolutionConfigurationPlatforms) = preSolution
		Debug|x64 = Debug|x64
		Debug|x86 = Debug|x86
		Release|x64 = Release|x64
		Release|x86 = Release|x86
	EndGlobalSection
	GlobalSection(ProjectConfigurationPlatforms) = postSolution
		{744F1A64-859B-43C1-A695-A31750C0B850}.Debug|x64.ActiveCfg = Debug|x64
		{744F1A64-859B-43C1-A695-A31750C0B850}.Debug|x64.Build.0 = Debug|x64
		{744F1A64-859B-43C1-A695-A31750C0B850}.Debug|x86.ActiveCfg = Debug|Win32
		{744F1A64-859B-43C1-A695-A31750C0B850}.Debug|x86.Build.0 = Debug|Win32
		{744F1A64-859B-43C1-A695-A31750C0B850}.Release|x64.ActiveCfg = Release|x64
		{744F1A64-859B-43C1-A695-A31750C0B850}.Release|x64.Build.0 = Release|x64
		{744F1A64-859B-43C1-A695-A31750C0B850}.Release|x86.ActiveCfg = Release|Win32
		{744F1A64-859B-43C1-A695-A31750C0B850}.Release|x86.Build.0 = Release|Win32
	EndGlobalSection
	GlobalSection(SolutionProperties) = preSolution
		HideSolutionNode = FALSE
	EndGlobalSection
	GlobalSection(ExtensibilityGlobals) = postSolution
		SolutionGuid = {F2D50A71-838B-44C3-8C22-83CA85ED5A0D}
	EndGlobalSection
EndGlobal
